
Microsoft Visual Studio Solution File, Format Version 12.00
# Visual Studio 15
VisualStudioVersion = 15.0.26730.15
MinimumVisualStudioVersion = 10.0.40219.1
Project("{FAE04EC0-301F-11D3-BF4B-00C04F79EFBC}") = "ArthR.Next", "ArthR.Next\ArthR.Next.csproj", "{9AAA1491-9E52-4340-9FA6-779B60412B9A}"
EndProject
Project("{E53339B2-1760-4266-BCC7-CA923CBCF16C}") = "docker-compose", "docker-compose.dcproj", "{18E75051-59F5-496F-BB9F-0C0D762BE303}"
EndProject
Global
	GlobalSection(SolutionConfigurationPlatforms) = preSolution
		Debug|Any CPU = Debug|Any CPU
		Release|Any CPU = Release|Any CPU
	EndGlobalSection
	GlobalSection(ProjectConfigurationPlatforms) = postSolution
		{9AAA1491-9E52-4340-9FA6-779B60412B9A}.Debug|Any CPU.ActiveCfg = Debug|Any CPU
		{9AAA1491-9E52-4340-9FA6-779B60412B9A}.Debug|Any CPU.Build.0 = Debug|Any CPU
		{9AAA1491-9E52-4340-9FA6-779B60412B9A}.Release|Any CPU.ActiveCfg = Release|Any CPU
		{9AAA1491-9E52-4340-9FA6-779B60412B9A}.Release|Any CPU.Build.0 = Release|Any CPU
		{18E75051-59F5-496F-BB9F-0C0D762BE303}.Debug|Any CPU.ActiveCfg = Debug|Any CPU
		{18E75051-59F5-496F-BB9F-0C0D762BE303}.Debug|Any CPU.Build.0 = Debug|Any CPU
		{18E75051-59F5-496F-BB9F-0C0D762BE303}.Release|Any CPU.ActiveCfg = Release|Any CPU
		{18E75051-59F5-496F-BB9F-0C0D762BE303}.Release|Any CPU.Build.0 = Release|Any CPU
	EndGlobalSection
	GlobalSection(SolutionProperties) = preSolution
		HideSolutionNode = FALSE
	EndGlobalSection
	GlobalSection(ExtensibilityGlobals) = postSolution
		SolutionGuid = {B2A18CF4-1ED7-4FBC-996B-58D9C52BD170}
	EndGlobalSection
EndGlobal
